
Microsoft Visual Studio Solution File, Format Version 12.00
# Visual Studio Version 17
VisualStudioVersion = 17.1.32421.90
MinimumVisualStudioVersion = 10.0.40219.1
Project("{8BC9CEB8-8B4A-11D0-8D11-00A0C91BC942}") = "Winui3_Pen", "Winui3_Pen.vcxproj", "{B1871F35-93C9-4D3B-9D72-48C98A186C84}"
EndProject
Global
	GlobalSection(SolutionConfigurationPlatforms) = preSolution
		Debug|arm64 = Debug|arm64
		Debug|x64 = Debug|x64
		Debug|x86 = Debug|x86
		Release|arm64 = Release|arm64
		Release|x64 = Release|x64
		Release|x86 = Release|x86
	EndGlobalSection
	GlobalSection(ProjectConfigurationPlatforms) = postSolution
		{B1871F35-93C9-4D3B-9D72-48C98A186C84}.Debug|arm64.ActiveCfg = Debug|arm64
		{B1871F35-93C9-4D3B-9D72-48C98A186C84}.Debug|arm64.Build.0 = Debug|arm64
		{B1871F35-93C9-4D3B-9D72-48C98A186C84}.Debug|arm64.Deploy.0 = Debug|arm64
		{B1871F35-93C9-4D3B-9D72-48C98A186C84}.Debug|x64.ActiveCfg = Debug|x64
		{B1871F35-93C9-4D3B-9D72-48C98A186C84}.Debug|x64.Build.0 = Debug|x64
		{B1871F35-93C9-4D3B-9D72-48C98A186C84}.Debug|x64.Deploy.0 = Debug|x64
		{B1871F35-93C9-4D3B-9D72-48C98A186C84}.Debug|x86.ActiveCfg = Debug|Win32
		{B1871F35-93C9-4D3B-9D72-48C98A186C84}.Debug|x86.Build.0 = Debug|Win32
		{B1871F35-93C9-4D3B-9D72-48C98A186C84}.Debug|x86.Deploy.0 = Debug|Win32
		{B1871F35-93C9-4D3B-9D72-48C98A186C84}.Release|arm64.ActiveCfg = Release|arm64
		{B1871F35-93C9-4D3B-9D72-48C98A186C84}.Release|arm64.Build.0 = Release|arm64
		{B1871F35-93C9-4D3B-9D72-48C98A186C84}.Release|arm64.Deploy.0 = Release|arm64
		{B1871F35-93C9-4D3B-9D72-48C98A186C84}.Release|x64.ActiveCfg = Release|x64
		{B1871F35-93C9-4D3B-9D72-48C98A186C84}.Release|x64.Build.0 = Release|x64
		{B1871F35-93C9-4D3B-9D72-48C98A186C84}.Release|x64.Deploy.0 = Release|x64
		{B1871F35-93C9-4D3B-9D72-48C98A186C84}.Release|x86.ActiveCfg = Release|Win32
		{B1871F35-93C9-4D3B-9D72-48C98A186C84}.Release|x86.Build.0 = Release|Win32
		{B1871F35-93C9-4D3B-9D72-48C98A186C84}.Release|x86.Deploy.0 = Release|Win32
	EndGlobalSection
	GlobalSection(SolutionProperties) = preSolution
		HideSolutionNode = FALSE
	EndGlobalSection
	GlobalSection(ExtensibilityGlobals) = postSolution
		SolutionGuid = {93EDD3A2-96F2-4E89-9F24-AF3272ED1997}
	EndGlobalSection
EndGlobal
